
Microsoft Visual Studio Solution File, Format Version 12.00
# Visual Studio Version 16
VisualStudioVersion = 16.0.31911.196
MinimumVisualStudioVersion = 10.0.40219.1
Project("{FAE04EC0-301F-11D3-BF4B-00C04F79EFBC}") = "FinalTask", "FinalTask.csproj", "{5AA87CA7-D135-4372-94E2-5E8695A00BCF}"
EndProject
Global
	GlobalSection(SolutionConfigurationPlatforms) = preSolution
		Debug|Any CPU = Debug|Any CPU
		Release|Any CPU = Release|Any CPU
	EndGlobalSection
	GlobalSection(ProjectConfigurationPlatforms) = postSolution
		{5AA87CA7-D135-4372-94E2-5E8695A00BCF}.Debug|Any CPU.ActiveCfg = Debug|Any CPU
		{5AA87CA7-D135-4372-94E2-5E8695A00BCF}.Debug|Any CPU.Build.0 = Debug|Any CPU
		{5AA87CA7-D135-4372-94E2-5E8695A00BCF}.Release|Any CPU.ActiveCfg = Release|Any CPU
		{5AA87CA7-D135-4372-94E2-5E8695A00BCF}.Release|Any CPU.Build.0 = Release|Any CPU
	EndGlobalSection
	GlobalSection(SolutionProperties) = preSolution
		HideSolutionNode = FALSE
	EndGlobalSection
	GlobalSection(ExtensibilityGlobals) = postSolution
		SolutionGuid = {DD2BCC1D-884E-44A5-B071-C639403E31BF}
	EndGlobalSection
EndGlobal
